
Microsoft Visual Studio Solution File, Format Version 12.00
# Visual Studio Version 17
VisualStudioVersion = 17.10.34928.147
MinimumVisualStudioVersion = 10.0.40219.1
Project("{FAE04EC0-301F-11D3-BF4B-00C04F79EFBC}") = "UITests", "UITests\UITests.csproj", "{894E907D-6AEF-4B62-8232-8BA8ADD5AE27}"
EndProject
Global
	GlobalSection(SolutionConfigurationPlatforms) = preSolution
		Debug|Any CPU = Debug|Any CPU
		Release|Any CPU = Release|Any CPU
	EndGlobalSection
	GlobalSection(ProjectConfigurationPlatforms) = postSolution
		{894E907D-6AEF-4B62-8232-8BA8ADD5AE27}.Debug|Any CPU.ActiveCfg = Debug|Any CPU
		{894E907D-6AEF-4B62-8232-8BA8ADD5AE27}.Debug|Any CPU.Build.0 = Debug|Any CPU
		{894E907D-6AEF-4B62-8232-8BA8ADD5AE27}.Release|Any CPU.ActiveCfg = Release|Any CPU
		{894E907D-6AEF-4B62-8232-8BA8ADD5AE27}.Release|Any CPU.Build.0 = Release|Any CPU
	EndGlobalSection
	GlobalSection(SolutionProperties) = preSolution
		HideSolutionNode = FALSE
	EndGlobalSection
	GlobalSection(ExtensibilityGlobals) = postSolution
		SolutionGuid = {32F4C36E-8578-406E-BF61-28610B803DDA}
	EndGlobalSection
EndGlobal
